
Microsoft Visual Studio Solution File, Format Version 12.00
# Visual Studio Express 15 for Windows Desktop
VisualStudioVersion = 15.0.27130.2010
MinimumVisualStudioVersion = 10.0.40219.1
Project("{FAE04EC0-301F-11D3-BF4B-00C04F79EFBC}") = "Nested_If_Statement", "Nested_If_Statement\Nested_If_Statement.csproj", "{60544F96-214E-445F-BC52-176A3B0E28AB}"
EndProject
Global
	GlobalSection(SolutionConfigurationPlatforms) = preSolution
		Debug|Any CPU = Debug|Any CPU
		Release|Any CPU = Release|Any CPU
	EndGlobalSection
	GlobalSection(ProjectConfigurationPlatforms) = postSolution
		{60544F96-214E-445F-BC52-176A3B0E28AB}.Debug|Any CPU.ActiveCfg = Debug|Any CPU
		{60544F96-214E-445F-BC52-176A3B0E28AB}.Debug|Any CPU.Build.0 = Debug|Any CPU
		{60544F96-214E-445F-BC52-176A3B0E28AB}.Release|Any CPU.ActiveCfg = Release|Any CPU
		{60544F96-214E-445F-BC52-176A3B0E28AB}.Release|Any CPU.Build.0 = Release|Any CPU
	EndGlobalSection
	GlobalSection(SolutionProperties) = preSolution
		HideSolutionNode = FALSE
	EndGlobalSection
	GlobalSection(ExtensibilityGlobals) = postSolution
		SolutionGuid = {534D9BB1-D37C-4C34-8DB4-CE96FCD8D185}
	EndGlobalSection
EndGlobal
