
Microsoft Visual Studio Solution File, Format Version 12.00
# Visual Studio Express 15 for Windows Desktop
VisualStudioVersion = 15.0.27130.2010
MinimumVisualStudioVersion = 10.0.40219.1
Project("{FAE04EC0-301F-11D3-BF4B-00C04F79EFBC}") = "If_Statements", "If_Statements\If_Statements.csproj", "{C9C2FB05-DCA3-444C-803B-7EE5D990E1EA}"
EndProject
Global
	GlobalSection(SolutionConfigurationPlatforms) = preSolution
		Debug|Any CPU = Debug|Any CPU
		Release|Any CPU = Release|Any CPU
	EndGlobalSection
	GlobalSection(ProjectConfigurationPlatforms) = postSolution
		{C9C2FB05-DCA3-444C-803B-7EE5D990E1EA}.Debug|Any CPU.ActiveCfg = Debug|Any CPU
		{C9C2FB05-DCA3-444C-803B-7EE5D990E1EA}.Debug|Any CPU.Build.0 = Debug|Any CPU
		{C9C2FB05-DCA3-444C-803B-7EE5D990E1EA}.Release|Any CPU.ActiveCfg = Release|Any CPU
		{C9C2FB05-DCA3-444C-803B-7EE5D990E1EA}.Release|Any CPU.Build.0 = Release|Any CPU
	EndGlobalSection
	GlobalSection(SolutionProperties) = preSolution
		HideSolutionNode = FALSE
	EndGlobalSection
	GlobalSection(ExtensibilityGlobals) = postSolution
		SolutionGuid = {4061BB1A-C0D1-47CA-B539-881B2200854D}
	EndGlobalSection
EndGlobal
