
Microsoft Visual Studio Solution File, Format Version 12.00
# Visual Studio Express 15 for Windows Desktop
VisualStudioVersion = 15.0.27130.2010
MinimumVisualStudioVersion = 10.0.40219.1
Project("{FAE04EC0-301F-11D3-BF4B-00C04F79EFBC}") = "BreakLoop_ContinueCommand", "BreakLoop_ContinueCommand\BreakLoop_ContinueCommand.csproj", "{2966EF0A-8A09-4C10-BF87-AD1CF0C95CCB}"
EndProject
Global
	GlobalSection(SolutionConfigurationPlatforms) = preSolution
		Debug|Any CPU = Debug|Any CPU
		Release|Any CPU = Release|Any CPU
	EndGlobalSection
	GlobalSection(ProjectConfigurationPlatforms) = postSolution
		{2966EF0A-8A09-4C10-BF87-AD1CF0C95CCB}.Debug|Any CPU.ActiveCfg = Debug|Any CPU
		{2966EF0A-8A09-4C10-BF87-AD1CF0C95CCB}.Debug|Any CPU.Build.0 = Debug|Any CPU
		{2966EF0A-8A09-4C10-BF87-AD1CF0C95CCB}.Release|Any CPU.ActiveCfg = Release|Any CPU
		{2966EF0A-8A09-4C10-BF87-AD1CF0C95CCB}.Release|Any CPU.Build.0 = Release|Any CPU
	EndGlobalSection
	GlobalSection(SolutionProperties) = preSolution
		HideSolutionNode = FALSE
	EndGlobalSection
	GlobalSection(ExtensibilityGlobals) = postSolution
		SolutionGuid = {EAD22089-1D78-4A6F-955C-9C9C2F9A9159}
	EndGlobalSection
EndGlobal
