
Microsoft Visual Studio Solution File, Format Version 12.00
# Visual Studio Express 15 for Windows Desktop
VisualStudioVersion = 15.0.27130.2010
MinimumVisualStudioVersion = 10.0.40219.1
Project("{FAE04EC0-301F-11D3-BF4B-00C04F79EFBC}") = "BreakLoop", "BreakLoop\BreakLoop.csproj", "{635F2A75-7277-42C3-B050-285317B9518A}"
EndProject
Global
	GlobalSection(SolutionConfigurationPlatforms) = preSolution
		Debug|Any CPU = Debug|Any CPU
		Release|Any CPU = Release|Any CPU
	EndGlobalSection
	GlobalSection(ProjectConfigurationPlatforms) = postSolution
		{635F2A75-7277-42C3-B050-285317B9518A}.Debug|Any CPU.ActiveCfg = Debug|Any CPU
		{635F2A75-7277-42C3-B050-285317B9518A}.Debug|Any CPU.Build.0 = Debug|Any CPU
		{635F2A75-7277-42C3-B050-285317B9518A}.Release|Any CPU.ActiveCfg = Release|Any CPU
		{635F2A75-7277-42C3-B050-285317B9518A}.Release|Any CPU.Build.0 = Release|Any CPU
	EndGlobalSection
	GlobalSection(SolutionProperties) = preSolution
		HideSolutionNode = FALSE
	EndGlobalSection
	GlobalSection(ExtensibilityGlobals) = postSolution
		SolutionGuid = {243C5627-3485-4B73-81E3-80CD5521ADEF}
	EndGlobalSection
EndGlobal
