
Microsoft Visual Studio Solution File, Format Version 12.00
# Visual Studio Express 15 for Windows Desktop
VisualStudioVersion = 15.0.27130.2010
MinimumVisualStudioVersion = 10.0.40219.1
Project("{FAE04EC0-301F-11D3-BF4B-00C04F79EFBC}") = "While", "While\While.csproj", "{4334E2DA-6574-4A9D-B9CE-622838655032}"
EndProject
Global
	GlobalSection(SolutionConfigurationPlatforms) = preSolution
		Debug|Any CPU = Debug|Any CPU
		Release|Any CPU = Release|Any CPU
	EndGlobalSection
	GlobalSection(ProjectConfigurationPlatforms) = postSolution
		{4334E2DA-6574-4A9D-B9CE-622838655032}.Debug|Any CPU.ActiveCfg = Debug|Any CPU
		{4334E2DA-6574-4A9D-B9CE-622838655032}.Debug|Any CPU.Build.0 = Debug|Any CPU
		{4334E2DA-6574-4A9D-B9CE-622838655032}.Release|Any CPU.ActiveCfg = Release|Any CPU
		{4334E2DA-6574-4A9D-B9CE-622838655032}.Release|Any CPU.Build.0 = Release|Any CPU
	EndGlobalSection
	GlobalSection(SolutionProperties) = preSolution
		HideSolutionNode = FALSE
	EndGlobalSection
	GlobalSection(ExtensibilityGlobals) = postSolution
		SolutionGuid = {ED5565CE-4480-477C-8CB3-E9D2F73AE30B}
	EndGlobalSection
EndGlobal
