
Microsoft Visual Studio Solution File, Format Version 12.00
# Visual Studio Express 15 for Windows Desktop
VisualStudioVersion = 15.0.27130.2010
MinimumVisualStudioVersion = 10.0.40219.1
Project("{FAE04EC0-301F-11D3-BF4B-00C04F79EFBC}") = "SwitchStatement", "SwitchStatement\SwitchStatement.csproj", "{07DD2917-5EE5-494C-BC3E-4E6BEA600323}"
EndProject
Global
	GlobalSection(SolutionConfigurationPlatforms) = preSolution
		Debug|Any CPU = Debug|Any CPU
		Release|Any CPU = Release|Any CPU
	EndGlobalSection
	GlobalSection(ProjectConfigurationPlatforms) = postSolution
		{07DD2917-5EE5-494C-BC3E-4E6BEA600323}.Debug|Any CPU.ActiveCfg = Debug|Any CPU
		{07DD2917-5EE5-494C-BC3E-4E6BEA600323}.Debug|Any CPU.Build.0 = Debug|Any CPU
		{07DD2917-5EE5-494C-BC3E-4E6BEA600323}.Release|Any CPU.ActiveCfg = Release|Any CPU
		{07DD2917-5EE5-494C-BC3E-4E6BEA600323}.Release|Any CPU.Build.0 = Release|Any CPU
	EndGlobalSection
	GlobalSection(SolutionProperties) = preSolution
		HideSolutionNode = FALSE
	EndGlobalSection
	GlobalSection(ExtensibilityGlobals) = postSolution
		SolutionGuid = {79BAB7B9-6EB4-448A-801A-574907416DC1}
	EndGlobalSection
EndGlobal
