
Microsoft Visual Studio Solution File, Format Version 12.00
# Visual Studio Express 15 for Windows Desktop
VisualStudioVersion = 15.0.27130.2010
MinimumVisualStudioVersion = 10.0.40219.1
Project("{FAE04EC0-301F-11D3-BF4B-00C04F79EFBC}") = "DataTypes_CharStringBoolTypes", "DataTypes_CharStringBoolTypes\DataTypes_CharStringBoolTypes.csproj", "{0FD43FB3-86D2-4462-B111-8361CF02FF9B}"
EndProject
Global
	GlobalSection(SolutionConfigurationPlatforms) = preSolution
		Debug|Any CPU = Debug|Any CPU
		Release|Any CPU = Release|Any CPU
	EndGlobalSection
	GlobalSection(ProjectConfigurationPlatforms) = postSolution
		{0FD43FB3-86D2-4462-B111-8361CF02FF9B}.Debug|Any CPU.ActiveCfg = Debug|Any CPU
		{0FD43FB3-86D2-4462-B111-8361CF02FF9B}.Debug|Any CPU.Build.0 = Debug|Any CPU
		{0FD43FB3-86D2-4462-B111-8361CF02FF9B}.Release|Any CPU.ActiveCfg = Release|Any CPU
		{0FD43FB3-86D2-4462-B111-8361CF02FF9B}.Release|Any CPU.Build.0 = Release|Any CPU
	EndGlobalSection
	GlobalSection(SolutionProperties) = preSolution
		HideSolutionNode = FALSE
	EndGlobalSection
	GlobalSection(ExtensibilityGlobals) = postSolution
		SolutionGuid = {20F44BE7-CA27-4EF3-B02E-E82AA261024D}
	EndGlobalSection
EndGlobal
